
Microsoft Visual Studio Solution File, Format Version 12.00
# Visual Studio Version 17
VisualStudioVersion = 17.14.36717.8
MinimumVisualStudioVersion = 10.0.40219.1
Project("{FAE04EC0-301F-11D3-BF4B-00C04F79EFBC}") = "Infrastructure", "Infrastructure\Infrastructure.csproj", "{3A647C9A-DE10-4554-AA96-94A61007505E}"
EndProject
Project("{FAE04EC0-301F-11D3-BF4B-00C04F79EFBC}") = "Application", "Application\Application.csproj", "{37AFBE8F-50B3-46FD-AD53-4E8FDE69977B}"
EndProject
Project("{FAE04EC0-301F-11D3-BF4B-00C04F79EFBC}") = "Domain", "Domain\Domain.csproj", "{50F41BF8-92E7-4CDA-A62A-5B72CA6F3248}"
EndProject
Project("{FAE04EC0-301F-11D3-BF4B-00C04F79EFBC}") = "MgmtAPI", "MgmtAPI\MgmtAPI.csproj", "{A2E23291-4498-41FE-8A1D-72983124F748}"
EndProject
Global
	GlobalSection(SolutionConfigurationPlatforms) = preSolution
		Debug|Any CPU = Debug|Any CPU
		Release|Any CPU = Release|Any CPU
	EndGlobalSection
	GlobalSection(ProjectConfigurationPlatforms) = postSolution
		{3A647C9A-DE10-4554-AA96-94A61007505E}.Debug|Any CPU.ActiveCfg = Debug|Any CPU
		{3A647C9A-DE10-4554-AA96-94A61007505E}.Debug|Any CPU.Build.0 = Debug|Any CPU
		{3A647C9A-DE10-4554-AA96-94A61007505E}.Release|Any CPU.ActiveCfg = Release|Any CPU
		{3A647C9A-DE10-4554-AA96-94A61007505E}.Release|Any CPU.Build.0 = Release|Any CPU
		{37AFBE8F-50B3-46FD-AD53-4E8FDE69977B}.Debug|Any CPU.ActiveCfg = Debug|Any CPU
		{37AFBE8F-50B3-46FD-AD53-4E8FDE69977B}.Debug|Any CPU.Build.0 = Debug|Any CPU
		{37AFBE8F-50B3-46FD-AD53-4E8FDE69977B}.Release|Any CPU.ActiveCfg = Release|Any CPU
		{37AFBE8F-50B3-46FD-AD53-4E8FDE69977B}.Release|Any CPU.Build.0 = Release|Any CPU
		{50F41BF8-92E7-4CDA-A62A-5B72CA6F3248}.Debug|Any CPU.ActiveCfg = Debug|Any CPU
		{50F41BF8-92E7-4CDA-A62A-5B72CA6F3248}.Debug|Any CPU.Build.0 = Debug|Any CPU
		{50F41BF8-92E7-4CDA-A62A-5B72CA6F3248}.Release|Any CPU.ActiveCfg = Release|Any CPU
		{50F41BF8-92E7-4CDA-A62A-5B72CA6F3248}.Release|Any CPU.Build.0 = Release|Any CPU
		{A2E23291-4498-41FE-8A1D-72983124F748}.Debug|Any CPU.ActiveCfg = Debug|Any CPU
		{A2E23291-4498-41FE-8A1D-72983124F748}.Debug|Any CPU.Build.0 = Debug|Any CPU
		{A2E23291-4498-41FE-8A1D-72983124F748}.Release|Any CPU.ActiveCfg = Release|Any CPU
		{A2E23291-4498-41FE-8A1D-72983124F748}.Release|Any CPU.Build.0 = Release|Any CPU
	EndGlobalSection
	GlobalSection(SolutionProperties) = preSolution
		HideSolutionNode = FALSE
	EndGlobalSection
	GlobalSection(ExtensibilityGlobals) = postSolution
		SolutionGuid = {BE3B93A3-891D-47A9-81C0-A21459BAB086}
	EndGlobalSection
EndGlobal
